
Microsoft Visual Studio Solution File, Format Version 12.00
# Visual Studio Version 17
VisualStudioVersion = 17.7.34024.191
MinimumVisualStudioVersion = 10.0.40219.1
Project("{2150E333-8FDC-42A3-9474-1A3956D46DE8}") = "Task0", "Task0", "{467A48CB-D2D2-42D2-8216-99A59728D6C1}"
EndProject
Project("{FAE04EC0-301F-11D3-BF4B-00C04F79EFBC}") = "Tyuiu.KropchevSR.Sprint0.Task0.V0", "Tyuiu.KropchevSR.Sprint0.Task0.V0\Tyuiu.KropchevSR.Sprint0.Task0.V0.csproj", "{4261DC65-581B-4204-A884-3BF6B96DF549}"
EndProject
Global
	GlobalSection(SolutionConfigurationPlatforms) = preSolution
		Debug|Any CPU = Debug|Any CPU
		Release|Any CPU = Release|Any CPU
	EndGlobalSection
	GlobalSection(ProjectConfigurationPlatforms) = postSolution
		{4261DC65-581B-4204-A884-3BF6B96DF549}.Debug|Any CPU.ActiveCfg = Debug|Any CPU
		{4261DC65-581B-4204-A884-3BF6B96DF549}.Debug|Any CPU.Build.0 = Debug|Any CPU
		{4261DC65-581B-4204-A884-3BF6B96DF549}.Release|Any CPU.ActiveCfg = Release|Any CPU
		{4261DC65-581B-4204-A884-3BF6B96DF549}.Release|Any CPU.Build.0 = Release|Any CPU
	EndGlobalSection
	GlobalSection(SolutionProperties) = preSolution
		HideSolutionNode = FALSE
	EndGlobalSection
	GlobalSection(NestedProjects) = preSolution
		{4261DC65-581B-4204-A884-3BF6B96DF549} = {467A48CB-D2D2-42D2-8216-99A59728D6C1}
	EndGlobalSection
	GlobalSection(ExtensibilityGlobals) = postSolution
		SolutionGuid = {ED9381EE-7475-4D6E-9439-9E989A53F863}
	EndGlobalSection
EndGlobal
