
Microsoft Visual Studio Solution File, Format Version 12.00
# Visual Studio Version 17
VisualStudioVersion = 17.7.34024.191
MinimumVisualStudioVersion = 10.0.40219.1
Project("{2150E333-8FDC-42A3-9474-1A3956D46DE8}") = "Task0", "Task0", "{467A48CB-D2D2-42D2-8216-99A59728D6C1}"
EndProject
Project("{FAE04EC0-301F-11D3-BF4B-00C04F79EFBC}") = "Tyuiu.KropchevSR.Sprint0.Task0.V0", "Tyuiu.KropchevSR.Sprint0.Task0.V0\Tyuiu.KropchevSR.Sprint0.Task0.V0.csproj", "{4261DC65-581B-4204-A884-3BF6B96DF549}"
EndProject
Project("{2150E333-8FDC-42A3-9474-1A3956D46DE8}") = "Task1", "Task1", "{E8B53C53-1C8F-4BD6-BB4B-AA93672670FB}"
EndProject
Project("{FAE04EC0-301F-11D3-BF4B-00C04F79EFBC}") = "Tyuiu.KropchevSR.Sprint0.Task1.V0", "Tyuiu.KropchevSR.Sprint0.Task1.V0\Tyuiu.KropchevSR.Sprint0.Task1.V0.csproj", "{7A2C9A3C-37D6-4E35-896D-BDCED5CB6B42}"
EndProject
Project("{2150E333-8FDC-42A3-9474-1A3956D46DE8}") = "Task2", "Task2", "{F41F0389-5496-46F3-AE27-D8F4B1D39D18}"
EndProject
Project("{FAE04EC0-301F-11D3-BF4B-00C04F79EFBC}") = "Tyuiu.KropchevSR.Sprint0.Task2.V0", "Tyuiu.KropchevSR.Sprint0.Task2.V0\Tyuiu.KropchevSR.Sprint0.Task2.V0.csproj", "{54522414-1713-48A2-AAA4-55AE979F6B12}"
EndProject
Project("{FAE04EC0-301F-11D3-BF4B-00C04F79EFBC}") = "Tyuiu.KropchevSR.Sprint0.Task2.V0.Lib", "Tyiuiu.KropchevSR.Sprint0.Task2.V0.Lib\Tyuiu.KropchevSR.Sprint0.Task2.V0.Lib.csproj", "{39B6ADBF-A168-4DDB-ACC9-74B455109C68}"
EndProject
Project("{FAE04EC0-301F-11D3-BF4B-00C04F79EFBC}") = "Tyuiu.KropchevSR.Sprint0.Task2.V0.Test", "Tyuiu.KropchevSR.Sprint0.Task2.V0.Test\Tyuiu.KropchevSR.Sprint0.Task2.V0.Test.csproj", "{9DB66633-5D29-4DE9-B274-4A09EAF1EA1F}"
EndProject
Project("{2150E333-8FDC-42A3-9474-1A3956D46DE8}") = "Task3", "Task3", "{1F346237-73AC-4474-B466-BD472F04D0C8}"
EndProject
Project("{FAE04EC0-301F-11D3-BF4B-00C04F79EFBC}") = "Tyuiu.KropchevSR.Sprint0.Task3.V0", "Tyuiu.KropchevSR.Sprint0.Task3.V0\Tyuiu.KropchevSR.Sprint0.Task3.V0.csproj", "{02E0D70C-6E1E-4040-B560-18A1698E4CD1}"
EndProject
Project("{FAE04EC0-301F-11D3-BF4B-00C04F79EFBC}") = "Tyuiu.KropchevSR.Sprint0.Task3.V0.Lib", "Tyuiu.KropchevSR.Sprint0.Task3.V0.Lib\Tyuiu.KropchevSR.Sprint0.Task3.V0.Lib.csproj", "{00A6D4CE-D894-4724-8E0D-972152297AEE}"
EndProject
Project("{FAE04EC0-301F-11D3-BF4B-00C04F79EFBC}") = "Tyuiu.KropchevSR.Sprint0.Task3.V0.Test", "Tyuiu.KropchevSR.Sprint0.Task3.V0.Test\Tyuiu.KropchevSR.Sprint0.Task3.V0.Test.csproj", "{F184CFD4-F638-48D5-80B4-98D3F3AC9F5D}"
EndProject
Project("{2150E333-8FDC-42A3-9474-1A3956D46DE8}") = "Task4", "Task4", "{139EFB4A-5E2E-42D7-B413-CB9B065AB1E6}"
EndProject
Project("{FAE04EC0-301F-11D3-BF4B-00C04F79EFBC}") = "Tyuiu.KropchevSR.Sprint0.Task4.V0.Lib", "Tyuiu.KropchevSR.Sprint0.Task4.V0.Lib\Tyuiu.KropchevSR.Sprint0.Task4.V0.Lib.csproj", "{45BAF504-4D1E-43DE-8191-3704E8B3202E}"
EndProject
Project("{FAE04EC0-301F-11D3-BF4B-00C04F79EFBC}") = "Tyuiu.KropchevSR.Sprint0.Task4.V0", "Tyuiu.KropchevSR.Sprint0.Task4.V0\Tyuiu.KropchevSR.Sprint0.Task4.V0.csproj", "{CAA7AFF4-AE81-4A63-88B2-2D49D4724DEB}"
EndProject
Project("{FAE04EC0-301F-11D3-BF4B-00C04F79EFBC}") = "Tyuiu.KropchevSR.Sprint0.Task4.V0.Test", "Tyuiu.KropchevSR.Sprint0.Task4.V0.Test\Tyuiu.KropchevSR.Sprint0.Task4.V0.Test.csproj", "{58E8E290-7EC8-4C32-A919-894D60BE2069}"
EndProject
Project("{2150E333-8FDC-42A3-9474-1A3956D46DE8}") = "Task5", "Task5", "{403C8004-2266-432D-B180-61CE94695AC7}"
EndProject
Project("{FAE04EC0-301F-11D3-BF4B-00C04F79EFBC}") = "Tyuiu.KropchevSR.Sprint0.Task5.V0.Test", "Tyuiu.KropchevSR.Sprint0.Task5.V0.Test\Tyuiu.KropchevSR.Sprint0.Task5.V0.Test.csproj", "{02DABC53-BD02-4BA5-A273-BA8C26386E47}"
EndProject
Project("{FAE04EC0-301F-11D3-BF4B-00C04F79EFBC}") = "Tyuiu.KropchevSR.Sprint0.Task5.V0", "Tyuiu.KropchevSR.Sprint0.Task5.V0\Tyuiu.KropchevSR.Sprint0.Task5.V0.csproj", "{263F5B63-225F-48B8-8FDF-4C79945C674E}"
EndProject
Project("{FAE04EC0-301F-11D3-BF4B-00C04F79EFBC}") = "Tyuiu.KropchevSR.Sprint0.Task5.V0.Lib", "Tyuiu.KropchevSR.Sprint0.Task5.V0.Lib\Tyuiu.KropchevSR.Sprint0.Task5.V0.Lib.csproj", "{F1C096CC-8693-42E7-AE42-D73C4D0F0293}"
EndProject
Project("{2150E333-8FDC-42A3-9474-1A3956D46DE8}") = "Task6", "Task6", "{9381FD6C-E708-49C3-9F8C-7E6C19748086}"
EndProject
Project("{FAE04EC0-301F-11D3-BF4B-00C04F79EFBC}") = "Tyuiu.KropchevSR.Sprint0.Task6.V0.Lib", "Tyuiu.KropchevSR.Sprint0.Task6.V0.Lib\Tyuiu.KropchevSR.Sprint0.Task6.V0.Lib.csproj", "{1B41C878-32FF-4498-AE14-955504F5979E}"
EndProject
Project("{FAE04EC0-301F-11D3-BF4B-00C04F79EFBC}") = "Tyuiu.KropchevSR.Sprint0.Task6.V0", "Tyuiu.KropchevSR.Sprint0.Task6.V0\Tyuiu.KropchevSR.Sprint0.Task6.V0.csproj", "{DD7513DC-67D3-4123-896B-35E01255D490}"
EndProject
Project("{FAE04EC0-301F-11D3-BF4B-00C04F79EFBC}") = "Tyuiu.KropchevSR.Sprint0.Task6.V0.Test", "Tyuiu.KropchevSR.Sprint0.Task6.V0.Test\Tyuiu.KropchevSR.Sprint0.Task6.V0.Test.csproj", "{4EC6A111-1A15-4353-99FC-1392252C74A1}"
EndProject
Project("{2150E333-8FDC-42A3-9474-1A3956D46DE8}") = "Task7", "Task7", "{B5F06CD3-C122-47C1-B13C-21FB812B152D}"
EndProject
Project("{FAE04EC0-301F-11D3-BF4B-00C04F79EFBC}") = "Tyuiu.KropchevSR.Sprint0.Task7.V0.Test", "Tyuiu.KropchevSR.Sprint0.Task7.V0.Test\Tyuiu.KropchevSR.Sprint0.Task7.V0.Test.csproj", "{2457A33F-67EC-4809-B12A-EFE0F31B6C75}"
EndProject
Project("{FAE04EC0-301F-11D3-BF4B-00C04F79EFBC}") = "Tyuiu.KropchevSR.Sprint0.Task7.V0", "Tyuiu.KropchevSR.Sprint0.Task7.V0\Tyuiu.KropchevSR.Sprint0.Task7.V0.csproj", "{3986E0A2-1560-4E35-A62B-FE8724296744}"
EndProject
Project("{FAE04EC0-301F-11D3-BF4B-00C04F79EFBC}") = "Tyuiu.KropchevSR.Sprint0.Task7.V0.Lib", "Tyuiu.KropchevSR.Sprint0.Task7.V0.Lib\Tyuiu.KropchevSR.Sprint0.Task7.V0.Lib.csproj", "{4F6E6197-E635-4FFE-829D-12EC6361D1E1}"
EndProject
Global
	GlobalSection(SolutionConfigurationPlatforms) = preSolution
		Debug|Any CPU = Debug|Any CPU
		Release|Any CPU = Release|Any CPU
	EndGlobalSection
	GlobalSection(ProjectConfigurationPlatforms) = postSolution
		{4261DC65-581B-4204-A884-3BF6B96DF549}.Debug|Any CPU.ActiveCfg = Debug|Any CPU
		{4261DC65-581B-4204-A884-3BF6B96DF549}.Debug|Any CPU.Build.0 = Debug|Any CPU
		{4261DC65-581B-4204-A884-3BF6B96DF549}.Release|Any CPU.ActiveCfg = Release|Any CPU
		{4261DC65-581B-4204-A884-3BF6B96DF549}.Release|Any CPU.Build.0 = Release|Any CPU
		{7A2C9A3C-37D6-4E35-896D-BDCED5CB6B42}.Debug|Any CPU.ActiveCfg = Debug|Any CPU
		{7A2C9A3C-37D6-4E35-896D-BDCED5CB6B42}.Debug|Any CPU.Build.0 = Debug|Any CPU
		{7A2C9A3C-37D6-4E35-896D-BDCED5CB6B42}.Release|Any CPU.ActiveCfg = Release|Any CPU
		{7A2C9A3C-37D6-4E35-896D-BDCED5CB6B42}.Release|Any CPU.Build.0 = Release|Any CPU
		{54522414-1713-48A2-AAA4-55AE979F6B12}.Debug|Any CPU.ActiveCfg = Debug|Any CPU
		{54522414-1713-48A2-AAA4-55AE979F6B12}.Debug|Any CPU.Build.0 = Debug|Any CPU
		{54522414-1713-48A2-AAA4-55AE979F6B12}.Release|Any CPU.ActiveCfg = Release|Any CPU
		{54522414-1713-48A2-AAA4-55AE979F6B12}.Release|Any CPU.Build.0 = Release|Any CPU
		{39B6ADBF-A168-4DDB-ACC9-74B455109C68}.Debug|Any CPU.ActiveCfg = Debug|Any CPU
		{39B6ADBF-A168-4DDB-ACC9-74B455109C68}.Debug|Any CPU.Build.0 = Debug|Any CPU
		{39B6ADBF-A168-4DDB-ACC9-74B455109C68}.Release|Any CPU.ActiveCfg = Release|Any CPU
		{39B6ADBF-A168-4DDB-ACC9-74B455109C68}.Release|Any CPU.Build.0 = Release|Any CPU
		{9DB66633-5D29-4DE9-B274-4A09EAF1EA1F}.Debug|Any CPU.ActiveCfg = Debug|Any CPU
		{9DB66633-5D29-4DE9-B274-4A09EAF1EA1F}.Debug|Any CPU.Build.0 = Debug|Any CPU
		{9DB66633-5D29-4DE9-B274-4A09EAF1EA1F}.Release|Any CPU.ActiveCfg = Release|Any CPU
		{9DB66633-5D29-4DE9-B274-4A09EAF1EA1F}.Release|Any CPU.Build.0 = Release|Any CPU
		{02E0D70C-6E1E-4040-B560-18A1698E4CD1}.Debug|Any CPU.ActiveCfg = Debug|Any CPU
		{02E0D70C-6E1E-4040-B560-18A1698E4CD1}.Debug|Any CPU.Build.0 = Debug|Any CPU
		{02E0D70C-6E1E-4040-B560-18A1698E4CD1}.Release|Any CPU.ActiveCfg = Release|Any CPU
		{02E0D70C-6E1E-4040-B560-18A1698E4CD1}.Release|Any CPU.Build.0 = Release|Any CPU
		{00A6D4CE-D894-4724-8E0D-972152297AEE}.Debug|Any CPU.ActiveCfg = Debug|Any CPU
		{00A6D4CE-D894-4724-8E0D-972152297AEE}.Debug|Any CPU.Build.0 = Debug|Any CPU
		{00A6D4CE-D894-4724-8E0D-972152297AEE}.Release|Any CPU.ActiveCfg = Release|Any CPU
		{00A6D4CE-D894-4724-8E0D-972152297AEE}.Release|Any CPU.Build.0 = Release|Any CPU
		{F184CFD4-F638-48D5-80B4-98D3F3AC9F5D}.Debug|Any CPU.ActiveCfg = Debug|Any CPU
		{F184CFD4-F638-48D5-80B4-98D3F3AC9F5D}.Debug|Any CPU.Build.0 = Debug|Any CPU
		{F184CFD4-F638-48D5-80B4-98D3F3AC9F5D}.Release|Any CPU.ActiveCfg = Release|Any CPU
		{F184CFD4-F638-48D5-80B4-98D3F3AC9F5D}.Release|Any CPU.Build.0 = Release|Any CPU
		{45BAF504-4D1E-43DE-8191-3704E8B3202E}.Debug|Any CPU.ActiveCfg = Debug|Any CPU
		{45BAF504-4D1E-43DE-8191-3704E8B3202E}.Debug|Any CPU.Build.0 = Debug|Any CPU
		{45BAF504-4D1E-43DE-8191-3704E8B3202E}.Release|Any CPU.ActiveCfg = Release|Any CPU
		{45BAF504-4D1E-43DE-8191-3704E8B3202E}.Release|Any CPU.Build.0 = Release|Any CPU
		{CAA7AFF4-AE81-4A63-88B2-2D49D4724DEB}.Debug|Any CPU.ActiveCfg = Debug|Any CPU
		{CAA7AFF4-AE81-4A63-88B2-2D49D4724DEB}.Debug|Any CPU.Build.0 = Debug|Any CPU
		{CAA7AFF4-AE81-4A63-88B2-2D49D4724DEB}.Release|Any CPU.ActiveCfg = Release|Any CPU
		{CAA7AFF4-AE81-4A63-88B2-2D49D4724DEB}.Release|Any CPU.Build.0 = Release|Any CPU
		{58E8E290-7EC8-4C32-A919-894D60BE2069}.Debug|Any CPU.ActiveCfg = Debug|Any CPU
		{58E8E290-7EC8-4C32-A919-894D60BE2069}.Debug|Any CPU.Build.0 = Debug|Any CPU
		{58E8E290-7EC8-4C32-A919-894D60BE2069}.Release|Any CPU.ActiveCfg = Release|Any CPU
		{58E8E290-7EC8-4C32-A919-894D60BE2069}.Release|Any CPU.Build.0 = Release|Any CPU
		{02DABC53-BD02-4BA5-A273-BA8C26386E47}.Debug|Any CPU.ActiveCfg = Debug|Any CPU
		{02DABC53-BD02-4BA5-A273-BA8C26386E47}.Debug|Any CPU.Build.0 = Debug|Any CPU
		{02DABC53-BD02-4BA5-A273-BA8C26386E47}.Release|Any CPU.ActiveCfg = Release|Any CPU
		{02DABC53-BD02-4BA5-A273-BA8C26386E47}.Release|Any CPU.Build.0 = Release|Any CPU
		{263F5B63-225F-48B8-8FDF-4C79945C674E}.Debug|Any CPU.ActiveCfg = Debug|Any CPU
		{263F5B63-225F-48B8-8FDF-4C79945C674E}.Debug|Any CPU.Build.0 = Debug|Any CPU
		{263F5B63-225F-48B8-8FDF-4C79945C674E}.Release|Any CPU.ActiveCfg = Release|Any CPU
		{263F5B63-225F-48B8-8FDF-4C79945C674E}.Release|Any CPU.Build.0 = Release|Any CPU
		{F1C096CC-8693-42E7-AE42-D73C4D0F0293}.Debug|Any CPU.ActiveCfg = Debug|Any CPU
		{F1C096CC-8693-42E7-AE42-D73C4D0F0293}.Debug|Any CPU.Build.0 = Debug|Any CPU
		{F1C096CC-8693-42E7-AE42-D73C4D0F0293}.Release|Any CPU.ActiveCfg = Release|Any CPU
		{F1C096CC-8693-42E7-AE42-D73C4D0F0293}.Release|Any CPU.Build.0 = Release|Any CPU
		{1B41C878-32FF-4498-AE14-955504F5979E}.Debug|Any CPU.ActiveCfg = Debug|Any CPU
		{1B41C878-32FF-4498-AE14-955504F5979E}.Debug|Any CPU.Build.0 = Debug|Any CPU
		{1B41C878-32FF-4498-AE14-955504F5979E}.Release|Any CPU.ActiveCfg = Release|Any CPU
		{1B41C878-32FF-4498-AE14-955504F5979E}.Release|Any CPU.Build.0 = Release|Any CPU
		{DD7513DC-67D3-4123-896B-35E01255D490}.Debug|Any CPU.ActiveCfg = Debug|Any CPU
		{DD7513DC-67D3-4123-896B-35E01255D490}.Debug|Any CPU.Build.0 = Debug|Any CPU
		{DD7513DC-67D3-4123-896B-35E01255D490}.Release|Any CPU.ActiveCfg = Release|Any CPU
		{DD7513DC-67D3-4123-896B-35E01255D490}.Release|Any CPU.Build.0 = Release|Any CPU
		{4EC6A111-1A15-4353-99FC-1392252C74A1}.Debug|Any CPU.ActiveCfg = Debug|Any CPU
		{4EC6A111-1A15-4353-99FC-1392252C74A1}.Debug|Any CPU.Build.0 = Debug|Any CPU
		{4EC6A111-1A15-4353-99FC-1392252C74A1}.Release|Any CPU.ActiveCfg = Release|Any CPU
		{4EC6A111-1A15-4353-99FC-1392252C74A1}.Release|Any CPU.Build.0 = Release|Any CPU
		{2457A33F-67EC-4809-B12A-EFE0F31B6C75}.Debug|Any CPU.ActiveCfg = Debug|Any CPU
		{2457A33F-67EC-4809-B12A-EFE0F31B6C75}.Debug|Any CPU.Build.0 = Debug|Any CPU
		{2457A33F-67EC-4809-B12A-EFE0F31B6C75}.Release|Any CPU.ActiveCfg = Release|Any CPU
		{2457A33F-67EC-4809-B12A-EFE0F31B6C75}.Release|Any CPU.Build.0 = Release|Any CPU
		{3986E0A2-1560-4E35-A62B-FE8724296744}.Debug|Any CPU.ActiveCfg = Debug|Any CPU
		{3986E0A2-1560-4E35-A62B-FE8724296744}.Debug|Any CPU.Build.0 = Debug|Any CPU
		{3986E0A2-1560-4E35-A62B-FE8724296744}.Release|Any CPU.ActiveCfg = Release|Any CPU
		{3986E0A2-1560-4E35-A62B-FE8724296744}.Release|Any CPU.Build.0 = Release|Any CPU
		{4F6E6197-E635-4FFE-829D-12EC6361D1E1}.Debug|Any CPU.ActiveCfg = Debug|Any CPU
		{4F6E6197-E635-4FFE-829D-12EC6361D1E1}.Debug|Any CPU.Build.0 = Debug|Any CPU
		{4F6E6197-E635-4FFE-829D-12EC6361D1E1}.Release|Any CPU.ActiveCfg = Release|Any CPU
		{4F6E6197-E635-4FFE-829D-12EC6361D1E1}.Release|Any CPU.Build.0 = Release|Any CPU
	EndGlobalSection
	GlobalSection(SolutionProperties) = preSolution
		HideSolutionNode = FALSE
	EndGlobalSection
	GlobalSection(NestedProjects) = preSolution
		{4261DC65-581B-4204-A884-3BF6B96DF549} = {467A48CB-D2D2-42D2-8216-99A59728D6C1}
		{7A2C9A3C-37D6-4E35-896D-BDCED5CB6B42} = {E8B53C53-1C8F-4BD6-BB4B-AA93672670FB}
		{54522414-1713-48A2-AAA4-55AE979F6B12} = {F41F0389-5496-46F3-AE27-D8F4B1D39D18}
		{39B6ADBF-A168-4DDB-ACC9-74B455109C68} = {F41F0389-5496-46F3-AE27-D8F4B1D39D18}
		{9DB66633-5D29-4DE9-B274-4A09EAF1EA1F} = {F41F0389-5496-46F3-AE27-D8F4B1D39D18}
		{02E0D70C-6E1E-4040-B560-18A1698E4CD1} = {1F346237-73AC-4474-B466-BD472F04D0C8}
		{00A6D4CE-D894-4724-8E0D-972152297AEE} = {1F346237-73AC-4474-B466-BD472F04D0C8}
		{F184CFD4-F638-48D5-80B4-98D3F3AC9F5D} = {1F346237-73AC-4474-B466-BD472F04D0C8}
		{45BAF504-4D1E-43DE-8191-3704E8B3202E} = {139EFB4A-5E2E-42D7-B413-CB9B065AB1E6}
		{CAA7AFF4-AE81-4A63-88B2-2D49D4724DEB} = {139EFB4A-5E2E-42D7-B413-CB9B065AB1E6}
		{58E8E290-7EC8-4C32-A919-894D60BE2069} = {139EFB4A-5E2E-42D7-B413-CB9B065AB1E6}
		{02DABC53-BD02-4BA5-A273-BA8C26386E47} = {403C8004-2266-432D-B180-61CE94695AC7}
		{263F5B63-225F-48B8-8FDF-4C79945C674E} = {403C8004-2266-432D-B180-61CE94695AC7}
		{F1C096CC-8693-42E7-AE42-D73C4D0F0293} = {403C8004-2266-432D-B180-61CE94695AC7}
		{1B41C878-32FF-4498-AE14-955504F5979E} = {9381FD6C-E708-49C3-9F8C-7E6C19748086}
		{DD7513DC-67D3-4123-896B-35E01255D490} = {9381FD6C-E708-49C3-9F8C-7E6C19748086}
		{4EC6A111-1A15-4353-99FC-1392252C74A1} = {9381FD6C-E708-49C3-9F8C-7E6C19748086}
		{2457A33F-67EC-4809-B12A-EFE0F31B6C75} = {B5F06CD3-C122-47C1-B13C-21FB812B152D}
		{3986E0A2-1560-4E35-A62B-FE8724296744} = {B5F06CD3-C122-47C1-B13C-21FB812B152D}
		{4F6E6197-E635-4FFE-829D-12EC6361D1E1} = {B5F06CD3-C122-47C1-B13C-21FB812B152D}
	EndGlobalSection
	GlobalSection(ExtensibilityGlobals) = postSolution
		SolutionGuid = {ED9381EE-7475-4D6E-9439-9E989A53F863}
	EndGlobalSection
EndGlobal
